PODS:
  - Flutter (1.0.0)
  - quick_actions_ios (0.0.1):
    - Flutter

DEPENDENCIES:
  - Flutter (from `Flutter`)
  - quick_actions_ios (from `.symlinks/plugins/quick_actions_ios/ios`)

EXTERNAL SOURCES:
  Flutter:
    :path: Flutter
  quick_actions_ios:
    :path: ".symlinks/plugins/quick_actions_ios/ios"

SPEC CHECKSUMS:
  Flutter: f04841e97a9d0b0a8025694d0796dd46242b2854
  quick_actions_ios: 9e80dcfadfbc5d47d9cf8f47bcf428b11cf383d4

PODFILE CHECKSUM: 70d9d25280d0dd177a5f637cdb0f0b0b12c6a189

COCOAPODS: 1.14.3
